
Microsoft Visual Studio Solution File, Format Version 12.00
# Visual Studio 15
VisualStudioVersion = 15.0.27004.2009
MinimumVisualStudioVersion = 10.0.40219.1
Project("{00D1A9C2-B5F0-4AF3-8072-F6C62B433612}") = "GenGim", "GenGim\GenGim.sqlproj", "{6458E7CF-8C5C-4773-8139-148CDEC5DE14}"
EndProject
Global
	GlobalSection(SolutionConfigurationPlatforms) = preSolution
		Debug|Any CPU = Debug|Any CPU
		Release|Any CPU = Release|Any CPU
	EndGlobalSection
	GlobalSection(ProjectConfigurationPlatforms) = postSolution
		{6458E7CF-8C5C-4773-8139-148CDEC5DE14}.Debug|Any CPU.ActiveCfg = Debug|Any CPU
		{6458E7CF-8C5C-4773-8139-148CDEC5DE14}.Debug|Any CPU.Build.0 = Debug|Any CPU
		{6458E7CF-8C5C-4773-8139-148CDEC5DE14}.Debug|Any CPU.Deploy.0 = Debug|Any CPU
		{6458E7CF-8C5C-4773-8139-148CDEC5DE14}.Release|Any CPU.ActiveCfg = Release|Any CPU
		{6458E7CF-8C5C-4773-8139-148CDEC5DE14}.Release|Any CPU.Build.0 = Release|Any CPU
		{6458E7CF-8C5C-4773-8139-148CDEC5DE14}.Release|Any CPU.Deploy.0 = Release|Any CPU
	EndGlobalSection
	GlobalSection(SolutionProperties) = preSolution
		HideSolutionNode = FALSE
	EndGlobalSection
	GlobalSection(ExtensibilityGlobals) = postSolution
		SolutionGuid = {8E84E620-79E2-49CD-8377-69E66255D505}
	EndGlobalSection
EndGlobal
