
Microsoft Visual Studio Solution File, Format Version 12.00
# Visual Studio 15
VisualStudioVersion = 15.0.27004.2009
MinimumVisualStudioVersion = 10.0.40219.1
Project("{00D1A9C2-B5F0-4AF3-8072-F6C62B433612}") = "WSOL", "WSOL\WSOL.sqlproj", "{A05BAAD0-DC97-423B-A9EB-A792E7951AD3}"
EndProject
Project("{00D1A9C2-B5F0-4AF3-8072-F6C62B433612}") = "WSOExternalObjects", "WSOExternalObjects\WSOExternalObjects.sqlproj", "{8321F965-5F4A-450B-B827-7189ED0838E2}"
EndProject
Global
	GlobalSection(SolutionConfigurationPlatforms) = preSolution
		Debug|Any CPU = Debug|Any CPU
		Release|Any CPU = Release|Any CPU
	EndGlobalSection
	GlobalSection(ProjectConfigurationPlatforms) = postSolution
		{A05BAAD0-DC97-423B-A9EB-A792E7951AD3}.Debug|Any CPU.ActiveCfg = Debug|Any CPU
		{A05BAAD0-DC97-423B-A9EB-A792E7951AD3}.Debug|Any CPU.Build.0 = Debug|Any CPU
		{A05BAAD0-DC97-423B-A9EB-A792E7951AD3}.Debug|Any CPU.Deploy.0 = Debug|Any CPU
		{A05BAAD0-DC97-423B-A9EB-A792E7951AD3}.Release|Any CPU.ActiveCfg = Release|Any CPU
		{A05BAAD0-DC97-423B-A9EB-A792E7951AD3}.Release|Any CPU.Build.0 = Release|Any CPU
		{A05BAAD0-DC97-423B-A9EB-A792E7951AD3}.Release|Any CPU.Deploy.0 = Release|Any CPU
		{8321F965-5F4A-450B-B827-7189ED0838E2}.Debug|Any CPU.ActiveCfg = Debug|Any CPU
		{8321F965-5F4A-450B-B827-7189ED0838E2}.Debug|Any CPU.Build.0 = Debug|Any CPU
		{8321F965-5F4A-450B-B827-7189ED0838E2}.Debug|Any CPU.Deploy.0 = Debug|Any CPU
		{8321F965-5F4A-450B-B827-7189ED0838E2}.Release|Any CPU.ActiveCfg = Release|Any CPU
		{8321F965-5F4A-450B-B827-7189ED0838E2}.Release|Any CPU.Build.0 = Release|Any CPU
		{8321F965-5F4A-450B-B827-7189ED0838E2}.Release|Any CPU.Deploy.0 = Release|Any CPU
	EndGlobalSection
	GlobalSection(SolutionProperties) = preSolution
		HideSolutionNode = FALSE
	EndGlobalSection
	GlobalSection(ExtensibilityGlobals) = postSolution
		SolutionGuid = {2074892D-FD8D-4FB3-BACD-AF008D268034}
	EndGlobalSection
EndGlobal
